// !$*UTF8*$!
{
	archiveVersion = 1;
	classes = {
	};
	objectVersion = 50;
	objects = {

/* Begin PBXBuildFile section */
		A02DF5C825C094DF006C76DF /* AppDelegate.swift in Sources */ = {isa = PBXBuildFile; fileRef = A02DF5C725C094DF006C76DF /* AppDelegate.swift */; };
		A02DF5CA25C094DF006C76DF /* SceneDelegate.swift in Sources */ = {isa = PBXBuildFile; fileRef = A02DF5C925C094DF006C76DF /* SceneDelegate.swift */; };
		A02DF5CC25C094DF006C76DF /* ContentView.swift in Sources */ = {isa = PBXBuildFile; fileRef = A02DF5CB25C094DF006C76DF /* ContentView.swift */; };
		A02DF5CE25C094DF006C76DF /* Assets.xcassets in Resources */ = {isa = PBXBuildFile; fileRef = A02DF5CD25C094DF006C76DF /* Assets.xcassets */; };
		A02DF5D125C094DF006C76DF /* Preview Assets.xcassets in Resources */ = {isa = PBXBuildFile; fileRef = A02DF5D025C094DF006C76DF /* Preview Assets.xcassets */; };
		A02DF5D425C094E0006C76DF /* LaunchScreen.storyboard in Resources */ = {isa = PBXBuildFile; fileRef = A02DF5D225C094E0006C76DF /* LaunchScreen.storyboard */; };
/* End PBXBuildFile section */

/* Begin PBXFileReference section */
		A02DF5C425C094DF006C76DF /* tiktactoe.app */ = {isa = PBXFileReference; explicitFileType = wrapper.application; includeInIndex = 0; path = tiktactoe.app; sourceTree = BUILT_PRODUCTS_DIR; };
		A02DF5C725C094DF006C76DF /* AppDelegate.swift */ = {isa = PBXFileReference; lastKnownFileType = sourcecode.swift; path = AppDelegate.swift; sourceTree = "<group>"; };
		A02DF5C925C094DF006C76DF /* SceneDelegate.swift */ = {isa = PBXFileReference; lastKnownFileType = sourcecode.swift; path = SceneDelegate.swift; sourceTree = "<group>"; };
		A02DF5CB25C094DF006C76DF /* ContentView.swift */ = {isa = PBXFileReference; lastKnownFileType = sourcecode.swift; path = ContentView.swift; sourceTree = "<group>"; };
		A02DF5CD25C094DF006C76DF /* Assets.xcassets */ = {isa = PBXFileReference; lastKnownFileType = folder.assetcatalog; path = Assets.xcassets; sourceTree = "<group>"; };
		A02DF5D025C094DF006C76DF /* Preview Assets.xcassets */ = {isa = PBXFileReference; lastKnownFileType = folder.assetcatalog; path = "Preview Assets.xcassets"; sourceTree = "<group>"; };
		A02DF5D325C094E0006C76DF /* Base */ = {isa = PBXFileReference; lastKnownFileType = file.storyboard; name = Base; path = Base.lproj/LaunchScreen.storyboard; sourceTree = "<group>"; };
		A02DF5D525C094E0006C76DF /* Info.plist */ = {isa = PBXFileReference; lastKnownFileType = text.plist.xml; path = Info.plist; sourceTree = "<group>"; };
/* End PBXFileReference section */

/* Begin PBXFrameworksBuildPhase section */
		A02DF5C125C094DF006C76DF /* Frameworks */ = {
			isa = PBXFrameworksBuildPhase;
			buildActionMask = 2147483647;
			files = (
			);
			runOnlyForDeploymentPostprocessing = 0;
		};
/* End PBXFrameworksBuildPhase section */

/* Begin PBXGroup section */
		A02DF5BB25C094DF006C76DF = {
			isa = PBXGroup;
			children = (
				A02DF5C625C094DF006C76DF /* tiktactoe */,
				A02DF5C525C094DF006C76DF /* Products */,
			);
			sourceTree = "<group>";
		};
		A02DF5C525C094DF006C76DF /* Products */ = {
			isa = PBXGroup;
			children = (
				A02DF5C425C094DF006C76DF /* tiktactoe.app */,
			);
			name = Products;
			sourceTree = "<group>";
		};
		A02DF5C625C094DF006C76DF /* tiktactoe */ = {
			isa = PBXGroup;
			children = (
				A02DF5C725C094DF006C76DF /* AppDelegate.swift */,
				A02DF5C925C094DF006C76DF /* SceneDelegate.swift */,
				A02DF5CB25C094DF006C76DF /* ContentView.swift */,
				A02DF5CD25C094DF006C76DF /* Assets.xcassets */,
				A02DF5D225C094E0006C76DF /* LaunchScreen.storyboard */,
				A02DF5D525C094E0006C76DF /* Info.plist */,
				A02DF5CF25C094DF006C76DF /* Preview Content */,
			);
			path = tiktactoe;
			sourceTree = "<group>";
		};
		A02DF5CF25C094DF006C76DF /* Preview Content */ = {
			isa = PBXGroup;
			children = (
				A02DF5D025C094DF006C76DF /* Preview Assets.xcassets */,
			);
			path = "Preview Content";
			sourceTree = "<group>";
		};
/* End PBXGroup section */

/* Begin PBXNativeTarget section */
		A02DF5C325C094DF006C76DF /* tiktactoe */ = {
			isa = PBXNativeTarget;
			buildConfigurationList = A02DF5D825C094E0006C76DF /* Build configuration list for PBXNativeTarget "tiktactoe" */;
			buildPhases = (
				A02DF5C025C094DF006C76DF /* Sources */,
				A02DF5C125C094DF006C76DF /* Frameworks */,
				A02DF5C225C094DF006C76DF /* Resources */,
			);
			buildRules = (
			);
			dependencies = (
			);
			name = tiktactoe;
			productName = tiktactoe;
			productReference = A02DF5C425C094DF006C76DF /* tiktactoe.app */;
			productType = "com.apple.product-type.application";
		};
/* End PBXNativeTarget section */

/* Begin PBXProject section */
		A02DF5BC25C094DF006C76DF /* Project object */ = {
			isa = PBXProject;
			attributes = {
				LastSwiftUpdateCheck = 1220;
				LastUpgradeCheck = 1220;
				TargetAttributes = {
					A02DF5C325C094DF006C76DF = {
						CreatedOnToolsVersion = 12.2;
					};
				};
			};
			buildConfigurationList = A02DF5BF25C094DF006C76DF /* Build configuration list for PBXProject "tiktactoe" */;
			compatibilityVersion = "Xcode 9.3";
			developmentRegion = en;
			hasScannedForEncodings = 0;
			knownRegions = (
				en,
				Base,
			);
			mainGroup = A02DF5BB25C094DF006C76DF;
			productRefGroup = A02DF5C525C094DF006C76DF /* Products */;
			projectDirPath = "";
			projectRoot = "";
			targets = (
				A02DF5C325C094DF006C76DF /* tiktactoe */,
			);
		};
/* End PBXProject section */

/* Begin PBXResourcesBuildPhase section */
		A02DF5C225C094DF006C76DF /* Resources */ = {
			isa = PBXResourcesBuildPhase;
			buildActionMask = 2147483647;
			files = (
				A02DF5D425C094E0006C76DF /* LaunchScreen.storyboard in Resources */,
				A02DF5D125C094DF006C76DF /* Preview Assets.xcassets in Resources */,
				A02DF5CE25C094DF006C76DF /* Assets.xcassets in Resources */,
			);
			runOnlyForDeploymentPostprocessing = 0;
		};
/* End PBXResourcesBuildPhase section */

/* Begin PBXSourcesBuildPhase section */
		A02DF5C025C094DF006C76DF /* Sources */ = {
			isa = PBXSourcesBuildPhase;
			buildActionMask = 2147483647;
			files = (
				A02DF5C825C094DF006C76DF /* AppDelegate.swift in Sources */,
				A02DF5CA25C094DF006C76DF /* SceneDelegate.swift in Sources */,
				A02DF5CC25C094DF006C76DF /* ContentView.swift in Sources */,
			);
			runOnlyForDeploymentPostprocessing = 0;
		};
/* End PBXSourcesBuildPhase section */

/* Begin PBXVariantGroup section */
		A02DF5D225C094E0006C76DF /* LaunchScreen.storyboard */ = {
			isa = PBXVariantGroup;
			children = (
				A02DF5D325C094E0006C76DF /* Base */,
			);
			name = LaunchScreen.storyboard;
			sourceTree = "<group>";
		};
/* End PBXVariantGroup section */

/* Begin XCBuildConfiguration section */
		A02DF5D625C094E0006C76DF /* Debug */ = {
			isa = XCBuildConfiguration;
			buildSettings = {
				ALWAYS_SEARCH_USER_PATHS = NO;
				CLANG_ANALYZER_NONNULL = YES;
				CLANG_ANALYZER_NUMBER_OBJECT_CONVERSION = YES_AGGRESSIVE;
				CLANG_CXX_LANGUAGE_STANDARD = "gnu++14";
				CLANG_CXX_LIBRARY = "libc++";
				CLANG_ENABLE_MODULES = YES;
				CLANG_ENABLE_OBJC_ARC = YES;
				CLANG_ENABLE_OBJC_WEAK = YES;
				CLANG_WARN_BLOCK_CAPTURE_AUTORELEASING = YES;
				CLANG_WARN_BOOL_CONVERSION = YES;
				CLANG_WARN_COMMA = YES;
				CLANG_WARN_CONSTANT_CONVERSION = YES;
				CLANG_WARN_DEPRECATED_OBJC_IMPLEMENTATIONS = YES;
				CLANG_WARN_DIRECT_OBJC_ISA_USAGE = YES_ERROR;
				CLANG_WARN_DOCUMENTATION_COMMENTS = YES;
				CLANG_WARN_EMPTY_BODY = YES;
				CLANG_WARN_ENUM_CONVERSION = YES;
				CLANG_WARN_INFINITE_RECURSION = YES;
				CLANG_WARN_INT_CONVERSION = YES;
				CLANG_WARN_NON_LITERAL_NULL_CONVERSION = YES;
				CLANG_WARN_OBJC_IMPLICIT_RETAIN_SELF = YES;
				CLANG_WARN_OBJC_LITERAL_CONVERSION = YES;
				CLANG_WARN_OBJC_ROOT_CLASS = YES_ERROR;
				CLANG_WARN_QUOTED_INCLUDE_IN_FRAMEWORK_HEADER = YES;
				CLANG_WARN_RANGE_LOOP_ANALYSIS = YES;
				CLANG_WARN_STRICT_PROTOTYPES = YES;
				CLANG_WARN_SUSPICIOUS_MOVE = YES;
				CLANG_WARN_UNGUARDED_AVAILABILITY = YES_AGGRESSIVE;
				CLANG_WARN_UNREACHABLE_CODE = YES;
				CLANG_WARN__DUPLICATE_METHOD_MATCH = YES;
				COPY_PHASE_STRIP = NO;
				DEBUG_INFORMATION_FORMAT = dwarf;
				ENABLE_STRICT_OBJC_MSGSEND = YES;
				ENABLE_TESTABILITY = YES;
				GCC_C_LANGUAGE_STANDARD = gnu11;
				GCC_DYNAMIC_NO_PIC = NO;
				GCC_NO_COMMON_BLOCKS = YES;
				GCC_OPTIMIZATION_LEVEL = 0;
				GCC_PREPROCESSOR_DEFINITIONS = (
					"DEBUG=1",
					"$(inherited)",
				);
				GCC_WARN_64_TO_32_BIT_CONVERSION = YES;
				GCC_WARN_ABOUT_RETURN_TYPE = YES_ERROR;
				GCC_WARN_UNDECLARED_SELECTOR = YES;
				GCC_WARN_UNINITIALIZED_AUTOS = YES_AGGRESSIVE;
				GCC_WARN_UNUSED_FUNCTION = YES;
				GCC_WARN_UNUSED_VARIABLE = YES;
				IPHONEOS_DEPLOYMENT_TARGET = 14.2;
				MTL_ENABLE_DEBUG_INFO = INCLUDE_SOURCE;
				MTL_FAST_MATH = YES;
				ONLY_ACTIVE_ARCH = YES;
				SDKROOT = iphoneos;
				SWIFT_ACTIVE_COMPILATION_CONDITIONS = DEBUG;
				SWIFT_OPTIMIZATION_LEVEL = "-Onone";
			};
			name = Debug;
		};
		A02DF5D725C094E0006C76DF /* Release */ = {
			isa = XCBuildConfiguration;
			buildSettings = {
				ALWAYS_SEARCH_USER_PATHS = NO;
				CLANG_ANALYZER_NONNULL = YES;
				CLANG_ANALYZER_NUMBER_OBJECT_CONVERSION = YES_AGGRESSIVE;
				CLANG_CXX_LANGUAGE_STANDARD = "gnu++14";
				CLANG_CXX_LIBRARY = "libc++";
				CLANG_ENABLE_MODULES = YES;
				CLANG_ENABLE_OBJC_ARC = YES;
				CLANG_ENABLE_OBJC_WEAK = YES;
				CLANG_WARN_BLOCK_CAPTURE_AUTORELEASING = YES;
				CLANG_WARN_BOOL_CONVERSION = YES;
				CLANG_WARN_COMMA = YES;
				CLANG_WARN_CONSTANT_CONVERSION = YES;
				CLANG_WARN_DEPRECATED_OBJC_IMPLEMENTATIONS = YES;
				CLANG_WARN_DIRECT_OBJC_ISA_USAGE = YES_ERROR;
				CLANG_WARN_DOCUMENTATION_COMMENTS = YES;
				CLANG_WARN_EMPTY_BODY = YES;
				CLANG_WARN_ENUM_CONVERSION = YES;
				CLANG_WARN_INFINITE_RECURSION = YES;
				CLANG_WARN_INT_CONVERSION = YES;
				CLANG_WARN_NON_LITERAL_NULL_CONVERSION = YES;
				CLANG_WARN_OBJC_IMPLICIT_RETAIN_SELF = YES;
				CLANG_WARN_OBJC_LITERAL_CONVERSION = YES;
				CLANG_WARN_OBJC_ROOT_CLASS = YES_ERROR;
				CLANG_WARN_QUOTED_INCLUDE_IN_FRAMEWORK_HEADER = YES;
				CLANG_WARN_RANGE_LOOP_ANALYSIS = YES;
				CLANG_WARN_STRICT_PROTOTYPES = YES;
				CLANG_WARN_SUSPICIOUS_MOVE = YES;
				CLANG_WARN_UNGUARDED_AVAILABILITY = YES_AGGRESSIVE;
				CLANG_WARN_UNREACHABLE_CODE = YES;
				CLANG_WARN__DUPLICATE_METHOD_MATCH = YES;
				COPY_PHASE_STRIP = NO;
				DEBUG_INFORMATION_FORMAT = "dwarf-with-dsym";
				ENABLE_NS_ASSERTIONS = NO;
				ENABLE_STRICT_OBJC_MSGSEND = YES;
				GCC_C_LANGUAGE_STANDARD = gnu11;
				GCC_NO_COMMON_BLOCKS = YES;
				GCC_WARN_64_TO_32_BIT_CONVERSION = YES;
				GCC_WARN_ABOUT_RETURN_TYPE = YES_ERROR;
				GCC_WARN_UNDECLARED_SELECTOR = YES;
				GCC_WARN_UNINITIALIZED_AUTOS = YES_AGGRESSIVE;
				GCC_WARN_UNUSED_FUNCTION = YES;
				GCC_WARN_UNUSED_VARIABLE = YES;
				IPHONEOS_DEPLOYMENT_TARGET = 14.2;
				MTL_ENABLE_DEBUG_INFO = NO;
				MTL_FAST_MATH = YES;
				SDKROOT = iphoneos;
				SWIFT_COMPILATION_MODE = wholemodule;
				SWIFT_OPTIMIZATION_LEVEL = "-O";
				VALIDATE_PRODUCT = YES;
			};
			name = Release;
		};
		A02DF5D925C094E0006C76DF /* Debug */ = {
			isa = XCBuildConfiguration;
			buildSettings = {
				ASSETCATALOG_COMPILER_APPICON_NAME = AppIcon;
				ASSETCATALOG_COMPILER_GLOBAL_ACCENT_COLOR_NAME = AccentColor;
				CODE_SIGN_STYLE = Automatic;
				DEVELOPMENT_ASSET_PATHS = "\"tiktactoe/Preview Content\"";
				DEVELOPMENT_TEAM = D9897GFLJ8;
				ENABLE_PREVIEWS = YES;
				INFOPLIST_FILE = tiktactoe/Info.plist;
				LD_RUNPATH_SEARCH_PATHS = (
					"$(inherited)",
					"@executable_path/Frameworks",
				);
				PRODUCT_BUNDLE_IDENTIFIER = kompi.tiktactoe;
				PRODUCT_NAME = "$(TARGET_NAME)";
				SWIFT_VERSION = 5.0;
				TARGETED_DEVICE_FAMILY = "1,2";
			};
			name = Debug;
		};
		A02DF5DA25C094E0006C76DF /* Release */ = {
			isa = XCBuildConfiguration;
			buildSettings = {
				ASSETCATALOG_COMPILER_APPICON_NAME = AppIcon;
				ASSETCATALOG_COMPILER_GLOBAL_ACCENT_COLOR_NAME = AccentColor;
				CODE_SIGN_STYLE = Automatic;
				DEVELOPMENT_ASSET_PATHS = "\"tiktactoe/Preview Content\"";
				DEVELOPMENT_TEAM = D9897GFLJ8;
				ENABLE_PREVIEWS = YES;
				INFOPLIST_FILE = tiktactoe/Info.plist;
				LD_RUNPATH_SEARCH_PATHS = (
					"$(inherited)",
					"@executable_path/Frameworks",
				);
				PRODUCT_BUNDLE_IDENTIFIER = kompi.tiktactoe;
				PRODUCT_NAME = "$(TARGET_NAME)";
				SWIFT_VERSION = 5.0;
				TARGETED_DEVICE_FAMILY = "1,2";
			};
			name = Release;
		};
/* End XCBuildConfiguration section */

/* Begin XCConfigurationList section */
		A02DF5BF25C094DF006C76DF /* Build configuration list for PBXProject "tiktactoe" */ = {
			isa = XCConfigurationList;
			buildConfigurations = (
				A02DF5D625C094E0006C76DF /* Debug */,
				A02DF5D725C094E0006C76DF /* Release */,
			);
			defaultConfigurationIsVisible = 0;
			defaultConfigurationName = Release;
		};
		A02DF5D825C094E0006C76DF /* Build configuration list for PBXNativeTarget "tiktactoe" */ = {
			isa = XCConfigurationList;
			buildConfigurations = (
				A02DF5D925C094E0006C76DF /* Debug */,
				A02DF5DA25C094E0006C76DF /* Release */,
			);
			defaultConfigurationIsVisible = 0;
			defaultConfigurationName = Release;
		};
/* End XCConfigurationList section */
	};
	rootObject = A02DF5BC25C094DF006C76DF /* Project object */;
}
